{
  "name": "@zwwpa/obj2ts",
  "version": "1.0.0",
  "lockfileVersion": 1,
  "requires": true,
  "dependencies": {
    "typescript": {
      "version": "4.9.4",
      "resolved": "http://r.npm.sankuai.com/typescript/download/typescript-4.9.4.tgz",
      "integrity": "sha1-oqPSdWwHmr2iQddfFJ351WEJHng="
    }
  }
}
